
Microsoft Visual Studio Solution File, Format Version 12.00
# Visual Studio Version 16
VisualStudioVersion = 16.0.31005.135
MinimumVisualStudioVersion = 10.0.40219.1
Project("{FAE04EC0-301F-11D3-BF4B-00C04F79EFBC}") = "AddingEFToANonASPProgram", "AddingEFToANonASPProgram\AddingEFToANonASPProgram.csproj", "{00F7CDBB-6A83-4341-BC5A-FC4851D2EE01}"
EndProject
Global
	GlobalSection(SolutionConfigurationPlatforms) = preSolution
		Debug|Any CPU = Debug|Any CPU
		Release|Any CPU = Release|Any CPU
	EndGlobalSection
	GlobalSection(ProjectConfigurationPlatforms) = postSolution
		{00F7CDBB-6A83-4341-BC5A-FC4851D2EE01}.Debug|Any CPU.ActiveCfg = Debug|Any CPU
		{00F7CDBB-6A83-4341-BC5A-FC4851D2EE01}.Debug|Any CPU.Build.0 = Debug|Any CPU
		{00F7CDBB-6A83-4341-BC5A-FC4851D2EE01}.Release|Any CPU.ActiveCfg = Release|Any CPU
		{00F7CDBB-6A83-4341-BC5A-FC4851D2EE01}.Release|Any CPU.Build.0 = Release|Any CPU
	EndGlobalSection
	GlobalSection(SolutionProperties) = preSolution
		HideSolutionNode = FALSE
	EndGlobalSection
	GlobalSection(ExtensibilityGlobals) = postSolution
		SolutionGuid = {3DE210E4-4088-4760-A2CC-7F8BB0FC4FB2}
	EndGlobalSection
EndGlobal
