
Microsoft Visual Studio Solution File, Format Version 12.00
# Visual Studio Version 16
VisualStudioVersion = 16.0.31005.135
MinimumVisualStudioVersion = 10.0.40219.1
Project("{FAE04EC0-301F-11D3-BF4B-00C04F79EFBC}") = "EFInAWinFormsApp", "EFInAWinFormsApp\EFInAWinFormsApp.csproj", "{AAE1C605-6DBB-478A-A0DC-B69217374A10}"
EndProject
Global
	GlobalSection(SolutionConfigurationPlatforms) = preSolution
		Debug|Any CPU = Debug|Any CPU
		Release|Any CPU = Release|Any CPU
	EndGlobalSection
	GlobalSection(ProjectConfigurationPlatforms) = postSolution
		{AAE1C605-6DBB-478A-A0DC-B69217374A10}.Debug|Any CPU.ActiveCfg = Debug|Any CPU
		{AAE1C605-6DBB-478A-A0DC-B69217374A10}.Debug|Any CPU.Build.0 = Debug|Any CPU
		{AAE1C605-6DBB-478A-A0DC-B69217374A10}.Release|Any CPU.ActiveCfg = Release|Any CPU
		{AAE1C605-6DBB-478A-A0DC-B69217374A10}.Release|Any CPU.Build.0 = Release|Any CPU
	EndGlobalSection
	GlobalSection(SolutionProperties) = preSolution
		HideSolutionNode = FALSE
	EndGlobalSection
	GlobalSection(ExtensibilityGlobals) = postSolution
		SolutionGuid = {82005A96-F4D7-43CA-B804-6429DB5350AB}
	EndGlobalSection
EndGlobal
